github.com/dynport/gossh v0.0.0-20170809141523-122e3ee2a6b0 h1:wa39BdfWGkJWDXrvYnZyWkna0GXxUgUg21POjlJ6HAc=
github.com/dynport/gossh v0.0.0-20170809141523-122e3ee2a6b0/go.mod h1:4qpMx8bTe9tnE+Ji+zb+gg+4e2OyOL46V7ie9eyNuGY=
github.com/golang/glog v0.0.0-20160126235308-23def4e6c14b h1:VKtxabqXZkF25pY9ekfRL6a582T4P37/31XEstQ5p58=
github.com/golang/glog v0.0.0-20160126235308-23def4e6c14b/go.mod h1:SBH7ygxi8pfUlaOkMMuAQtPIUF8ecWP5IEl/CR7VP2Q=
github.com/google/glog v0.3.5 h1:vDDuCR3mlXVA2xDFNA/WVJjPJ0yL3moEaqTeozSPIzQ=
github.com/google/glog v0.3.5/go.mod h1:nvJZk2N9LT9B2MJLgROUKmC82mKXlCjL7ypxtJh1Mls=
github.com/inconshreveable/mousetrap v1.0.0 h1:Z8tu5sraLXCXIcARxBp/8cbvlwVa7Z1NHg9XEKhtSvM=
github.com/inconshreveable/mousetrap v1.0.0/go.mod h1:PxqpIevigyE2G7u3NXJIT2ANytuPF1OarO4DADm73n8=
github.com/spf13/cobra v0.0.3 h1:ZlrZ4XsMRm04Fr5pSFxBgfND2EBVa1nLpiy1stUsX/8=
github.com/spf13/cobra v0.0.3/go.mod h1:1l0Ry5zgKvJasoi3XT1TypsSe7PqH0Sj9dhYf7v3XqQ=
github.com/spf13/pflag v1.0.3 h1:zPAT6CGy6wXeQ7NtTnaTerfKOsV6V6F8agHXFiazDkg=
github.com/spf13/pflag v1.0.3/go.mod h1:DYY7MBk1bdzusC3SYhjObp+wFpr4gzcvqqNjLnInEg4=
github.com/tebeka/go2xunit v1.4.10 h1:0UO+9YoLpXTZ0DL9XbTmIIibgmKBGiwroo8uhFMSyR0=
github.com/tebeka/go2xunit v1.4.10/go.mod h1:wmc9jKT7KlU4QLU6DNTaIXNnYNOjKKNlp6mjOS0UrqY=
golang.org/x/crypto v0.0.0-20181203042331-505ab145d0a9 h1:mKdxBk7AujPs8kU4m80U72y/zjbZ3UcXC7dClwKbUI0=
golang.org/x/crypto v0.0.0-20181203042331-505ab145d0a9/go.mod h1:6SG95UA2DQfeDnfUPMdvaQW0Q7yPrPDi9nlGo2tz2b4=
golang.org/x/sys v0.0.0-20181228144115-9a3f9b0469bb h1:pf3XwC90UUdNPYWZdFjhGBE7DUFuK3Ct1zWmZ65QN30=
golang.org/x/sys v0.0.0-20181228144115-9a3f9b0469bb/go.mod h1:STP8DvDyc/dI5b8T5hshtkjS+E42TnysNCUPdjciGhY=
